
{
  "name": "crypto-tax-report",
  "version": "0.0.1",
  "lockfileVersion": 1,
  "requires": true,
  "dependencies": {
    "@babel/code-frame": {
      "version": "7.10.4",
      "resolved": "https://registry.npmjs.org/@babel/code-frame/-/code-frame-7.10.4.tgz",
      "integrity": "sha512-vG6SvB6oYEhvgisZNFRmRCUkLz11c7rp+tbNTynGqc6mS1d5ATd/sGyV6W0KZZnXRKMTzZDRgQT3Ou9jhpAfUg==",
      "dev": true,
      "requires": {
        "@babel/highlight": "^7.10.4"
      }
    },
    "@babel/core": {
      "version": "7.6.2",
      "resolved": "https://registry.npmjs.org/@babel/core/-/core-7.6.2.tgz",
      "integrity": "sha512-l8zto/fuoZIbncm+01p8zPSDZu/VuuJhAfA7d/AbzM09WR7iVhavvfNDYCNpo1VvLk6E6xgAoP9P+/EMJHuRkQ==",
      "dev": true,
      "requires": {
        "@babel/code-frame": "^7.5.5",
        "@babel/generator": "^7.6.2",
        "@babel/helpers": "^7.6.2",
        "@babel/parser": "^7.6.2",
        "@babel/template": "^7.6.0",
        "@babel/traverse": "^7.6.2",
        "@babel/types": "^7.6.0",
        "convert-source-map": "^1.1.0",
        "debug": "^4.1.0",
        "json5": "^2.1.0",
        "lodash": "^4.17.13",
        "resolve": "^1.3.2",
        "semver": "^5.4.1",
        "source-map": "^0.5.0"
      }
    },
    "@babel/generator": {
      "version": "7.11.6",
      "resolved": "https://registry.npmjs.org/@babel/generator/-/generator-7.11.6.tgz",
      "integrity": "sha512-DWtQ1PV3r+cLbySoHrwn9RWEgKMBLLma4OBQloPRyDYvc5msJM9kvTLo1YnlJd1P/ZuKbdli3ijr5q3FvAF3uA==",
      "dev": true,
      "requires": {
        "@babel/types": "^7.11.5",
        "jsesc": "^2.5.1",
        "source-map": "^0.5.0"
      }
    },
    "@babel/helper-annotate-as-pure": {
      "version": "7.10.4",
      "resolved": "https://registry.npmjs.org/@babel/helper-annotate-as-pure/-/helper-annotate-as-pure-7.10.4.tgz",
      "integrity": "sha512-XQlqKQP4vXFB7BN8fEEerrmYvHp3fK/rBkRFz9jaJbzK0B1DSfej9Kc7ZzE8Z/OnId1jpJdNAZ3BFQjWG68rcA==",
      "dev": true,
      "requires": {
        "@babel/types": "^7.10.4"
      }
    },
    "@babel/helper-builder-binary-assignment-operator-visitor": {
      "version": "7.10.4",
      "resolved": "https://registry.npmjs.org/@babel/helper-builder-binary-assignment-operator-visitor/-/helper-builder-binary-assignment-operator-visitor-7.10.4.tgz",
      "integrity": "sha512-L0zGlFrGWZK4PbT8AszSfLTM5sDU1+Az/En9VrdT8/LmEiJt4zXt+Jve9DCAnQcbqDhCI+29y/L93mrDzddCcg==",
      "dev": true,
      "requires": {
        "@babel/helper-explode-assignable-expression": "^7.10.4",
        "@babel/types": "^7.10.4"
      }
    },
    "@babel/helper-create-class-features-plugin": {
      "version": "7.10.5",
      "resolved": "https://registry.npmjs.org/@babel/helper-create-class-features-plugin/-/helper-create-class-features-plugin-7.10.5.tgz",
      "integrity": "sha512-0nkdeijB7VlZoLT3r/mY3bUkw3T8WG/hNw+FATs/6+pG2039IJWjTYL0VTISqsNHMUTEnwbVnc89WIJX9Qed0A==",
      "dev": true,
      "requires": {
        "@babel/helper-function-name": "^7.10.4",
        "@babel/helper-member-expression-to-functions": "^7.10.5",
        "@babel/helper-optimise-call-expression": "^7.10.4",
        "@babel/helper-plugin-utils": "^7.10.4",
        "@babel/helper-replace-supers": "^7.10.4",
        "@babel/helper-split-export-declaration": "^7.10.4"
      }
    },
    "@babel/helper-create-regexp-features-plugin": {
      "version": "7.10.4",
      "resolved": "https://registry.npmjs.org/@babel/helper-create-regexp-features-plugin/-/helper-create-regexp-features-plugin-7.10.4.tgz",
      "integrity": "sha512-2/hu58IEPKeoLF45DBwx3XFqsbCXmkdAay4spVr2x0jYgRxrSNp+ePwvSsy9g6YSaNDcKIQVPXk1Ov8S2edk2g==",
      "dev": true,
      "requires": {
        "@babel/helper-annotate-as-pure": "^7.10.4",
        "@babel/helper-regex": "^7.10.4",
        "regexpu-core": "^4.7.0"
      }
    },
    "@babel/helper-define-map": {
      "version": "7.10.5",
      "resolved": "https://registry.npmjs.org/@babel/helper-define-map/-/helper-define-map-7.10.5.tgz",
      "integrity": "sha512-fMw4kgFB720aQFXSVaXr79pjjcW5puTCM16+rECJ/plGS+zByelE8l9nCpV1GibxTnFVmUuYG9U8wYfQHdzOEQ==",
      "dev": true,
      "requires": {
        "@babel/helper-function-name": "^7.10.4",
        "@babel/types": "^7.10.5",
        "lodash": "^4.17.19"
      }
    },
    "@babel/helper-explode-assignable-expression": {
      "version": "7.11.4",
      "resolved": "https://registry.npmjs.org/@babel/helper-explode-assignable-expression/-/helper-explode-assignable-expression-7.11.4.tgz",
      "integrity": "sha512-ux9hm3zR4WV1Y3xXxXkdG/0gxF9nvI0YVmKVhvK9AfMoaQkemL3sJpXw+Xbz65azo8qJiEz2XVDUpK3KYhH3ZQ==",
      "dev": true,
      "requires": {
        "@babel/types": "^7.10.4"
      }
    },
    "@babel/helper-function-name": {
      "version": "7.10.4",
      "resolved": "https://registry.npmjs.org/@babel/helper-function-name/-/helper-function-name-7.10.4.tgz",
      "integrity": "sha512-YdaSyz1n8gY44EmN7x44zBn9zQ1Ry2Y+3GTA+3vH6Mizke1Vw0aWDM66FOYEPw8//qKkmqOckrGgTYa+6sceqQ==",
      "dev": true,
      "requires": {
        "@babel/helper-get-function-arity": "^7.10.4",
        "@babel/template": "^7.10.4",
        "@babel/types": "^7.10.4"
      }
    },
    "@babel/helper-get-function-arity": {
      "version": "7.10.4",
      "resolved": "https://registry.npmjs.org/@babel/helper-get-function-arity/-/helper-get-function-arity-7.10.4.tgz",
      "integrity": "sha512-EkN3YDB+SRDgiIUnNgcmiD361ti+AVbL3f3Henf6dqqUyr5dMsorno0lJWJuLhDhkI5sYEpgj6y9kB8AOU1I2A==",
      "dev": true,
      "requires": {
        "@babel/types": "^7.10.4"
      }
    },
    "@babel/helper-hoist-variables": {
      "version": "7.10.4",
      "resolved": "https://registry.npmjs.org/@babel/helper-hoist-variables/-/helper-hoist-variables-7.10.4.tgz",
      "integrity": "sha512-wljroF5PgCk2juF69kanHVs6vrLwIPNp6DLD+Lrl3hoQ3PpPPikaDRNFA+0t81NOoMt2DL6WW/mdU8k4k6ZzuA==",
      "dev": true,
      "requires": {
        "@babel/types": "^7.10.4"
      }
    },
    "@babel/helper-member-expression-to-functions": {
      "version": "7.11.0",
      "resolved": "https://registry.npmjs.org/@babel/helper-member-expression-to-functions/-/helper-member-expression-to-functions-7.11.0.tgz",
      "integrity": "sha512-JbFlKHFntRV5qKw3YC0CvQnDZ4XMwgzzBbld7Ly4Mj4cbFy3KywcR8NtNctRToMWJOVvLINJv525Gd6wwVEx/Q==",
      "dev": true,
      "requires": {
        "@babel/types": "^7.11.0"
      }
    },
    "@babel/helper-module-imports": {
      "version": "7.10.4",
      "resolved": "https://registry.npmjs.org/@babel/helper-module-imports/-/helper-module-imports-7.10.4.tgz",
      "integrity": "sha512-nEQJHqYavI217oD9+s5MUBzk6x1IlvoS9WTPfgG43CbMEeStE0v+r+TucWdx8KFGowPGvyOkDT9+7DHedIDnVw==",
      "dev": true,
      "requires": {
        "@babel/types": "^7.10.4"
      }
    },
    "@babel/helper-module-transforms": {
      "version": "7.11.0",
      "resolved": "https://registry.npmjs.org/@babel/helper-module-transforms/-/helper-module-transforms-7.11.0.tgz",
      "integrity": "sha512-02EVu8COMuTRO1TAzdMtpBPbe6aQ1w/8fePD2YgQmxZU4gpNWaL9gK3Jp7dxlkUlUCJOTaSeA+Hrm1BRQwqIhg==",
      "dev": true,
      "requires": {
        "@babel/helper-module-imports": "^7.10.4",
        "@babel/helper-replace-supers": "^7.10.4",
        "@babel/helper-simple-access": "^7.10.4",
        "@babel/helper-split-export-declaration": "^7.11.0",
        "@babel/template": "^7.10.4",
        "@babel/types": "^7.11.0",
        "lodash": "^4.17.19"
      }
    },
    "@babel/helper-optimise-call-expression": {
      "version": "7.10.4",
      "resolved": "https://registry.npmjs.org/@babel/helper-optimise-call-expression/-/helper-optimise-call-expression-7.10.4.tgz",